
Microsoft Visual Studio Solution File, Format Version 12.00
# Visual Studio Version 16
VisualStudioVersion = 16.0.34114.132
MinimumVisualStudioVersion = 10.0.40219.1
Project("{FAE04EC0-301F-11D3-BF4B-00C04F79EFBC}") = "Gamezone", "Gamezone\Gamezone.csproj", "{2238CECB-AD2D-4EEC-9D4D-33B191034D7C}"
EndProject
Global
	GlobalSection(SolutionConfigurationPlatforms) = preSolution
		Debug|Any CPU = Debug|Any CPU
		Release|Any CPU = Release|Any CPU
	EndGlobalSection
	GlobalSection(ProjectConfigurationPlatforms) = postSolution
		{2238CECB-AD2D-4EEC-9D4D-33B191034D7C}.Debug|Any CPU.ActiveCfg = Debug|Any CPU
		{2238CECB-AD2D-4EEC-9D4D-33B191034D7C}.Debug|Any CPU.Build.0 = Debug|Any CPU
		{2238CECB-AD2D-4EEC-9D4D-33B191034D7C}.Release|Any CPU.ActiveCfg = Release|Any CPU
		{2238CECB-AD2D-4EEC-9D4D-33B191034D7C}.Release|Any CPU.Build.0 = Release|Any CPU
	EndGlobalSection
	GlobalSection(SolutionProperties) = preSolution
		HideSolutionNode = FALSE
	EndGlobalSection
	GlobalSection(ExtensibilityGlobals) = postSolution
		SolutionGuid = {3C7FA3E4-6B0C-4DE4-A284-37AF3889A64F}
	EndGlobalSection
EndGlobal
